{
  "version": 2,
  "dependencies": {
    "net10.0": {
      "Meziantou.Analyzer": {
        "type": "Direct",
        "requested": "[2.0.258, )",
        "resolved": "2.0.258",
        "contentHash": "gMlUSrNrHhFjr0evlV1CCdDyAfvEqyNKWLp8nMF7erRXpc5olpZdsaSnMYHdzOZxb03e+bphnxk4r1zvrS/eYA=="
      },
      "Microsoft.DotNet.ILCompiler": {
        "type": "Direct",
        "requested": "[10.0.1, )",
        "resolved": "10.0.1",
        "contentHash": "339VHcUMA2iDrkLGaqjSwn25S9lmus/+Iqg5Hz2LDPhsX5a5GbdQZ2f/f6HMz/uGGWtUGpsusqUvW5L3fx36VA=="
      },
      "Microsoft.Extensions.Configuration.Abstractions": {
        "type": "Direct",
        "requested": "[10.0.1, )",
        "resolved": "10.0.1",
        "contentHash": "kPlU11hql+L9RjrN2N9/0GcRcRcZrNFlLLjadasFWeBORT6pL6OE+RYRk90GGCyVGSxTK+e1/f3dsMj5zpFFiQ==",
        "dependencies": {
          "Microsoft.Extensions.Primitives": "10.0.1"
        }
      },
      "Microsoft.Extensions.DependencyInjection.Abstractions": {
        "type": "Direct",
        "requested": "[10.0.1, )",
        "resolved": "10.0.1",
        "contentHash": "oIy8fQxxbUsSrrOvgBqlVgOeCtDmrcynnTG+FQufcUWBrwyPfwlUkCDB2vaiBeYPyT+20u9/HeuHeBf+H4F/8g=="
      },
      "Microsoft.Extensions.Http": {
        "type": "Direct",
        "requested": "[10.0.1, )",
        "resolved": "10.0.1",
        "contentHash": "ZXJup9ReE1Ot3M8jqcw1b/lnc8USxyYS3cyLsssU39u04TES9JNGviWUGIvP3K7mMU3TF7kQl2aS0SmVwegflw==",
        "dependencies": {
          "Microsoft.Extensions.Configuration.Abstractions": "10.0.1",
          "Microsoft.Extensions.DependencyInjection.Abstractions": "10.0.1",
          "Microsoft.Extensions.Diagnostics": "10.0.1",
          "Microsoft.Extensions.Logging": "10.0.1",
          "Microsoft.Extensions.Logging.Abstractions": "10.0.1",
          "Microsoft.Extensions.Options": "10.0.1"
        }
      },
      "Microsoft.Extensions.Logging.Abstractions": {
        "type": "Direct",
        "requested": "[10.0.1, )",
        "resolved": "10.0.1",
        "contentHash": "YkmyiPIWAXVb+lPIrM0LE5bbtLOJkCiRTFiHpkVOvhI7uTvCfoOHLEN0LcsY56GpSD7NqX3gJNpsaDe87/B3zg==",
        "dependencies": {
          "Microsoft.Extensions.DependencyInjection.Abstractions": "10.0.1"
        }
      },
      "Microsoft.Extensions.Options.ConfigurationExtensions": {
        "type": "Direct",
        "requested": "[10.0.1, )",
        "resolved": "10.0.1",
        "contentHash": "pL78/Im7O3WmxHzlKUsWTYchKL881udU7E26gCD3T0+/tPhWVfjPwMzfN/MRKU7aoFYcOiqcG2k1QTlH5woWow==",
        "dependencies": {
          "Microsoft.Extensions.Configuration.Abstractions": "10.0.1",
          "Microsoft.Extensions.Configuration.Binder": "10.0.1",
          "Microsoft.Extensions.DependencyInjection.Abstractions": "10.0.1",
          "Microsoft.Extensions.Options": "10.0.1",
          "Microsoft.Extensions.Primitives": "10.0.1"
        }
      },
      "Microsoft.NET.ILLink.Tasks": {
        "type": "Direct",
        "requested": "[10.0.1, )",
        "resolved": "10.0.1",
        "contentHash": "ISahzLHsHY7vrwqr2p1YWZ+gsxoBRtH7gWRDK8fDUst9pp2He0GiesaqEfeX0V8QMCJM3eNEHGGpnIcPjFo2NQ=="
      },
      "Octokit": {
        "type": "Direct",
        "requested": "[14.0.0, )",
        "resolved": "14.0.0",
        "contentHash": "jGOuTH1l+TCpJH+fwYOp7USzHDuGfN1jKbLz3J2COwyn+wL08eynvpnM6rY2qkzIEXum3PN2p2QkP3BW/p9Qcw=="
      },
      "Polly.Core": {
        "type": "Direct",
        "requested": "[8.6.5, )",
        "resolved": "8.6.5",
        "contentHash": "t+sUVrIwvo7UmsgHGgOG9F0GDZSRIm47u2ylH17Gvcv1q5hNEwgD5GoBlFyc0kh/pebmPyrAgvGsR/65ZBaXlg=="
      },
      "Polly.Extensions": {
        "type": "Direct",
        "requested": "[8.6.5, )",
        "resolved": "8.6.5",
        "contentHash": "Ui+qN9zCgcy0/YEthA0wVm1mrDQe7+ud82Vz5wedbk22t17t6G+6nm/Q3GYxyCyTl5UFVoO2MbfmDv7a0K6Zww==",
        "dependencies": {
          "Microsoft.Extensions.Logging.Abstractions": "8.0.0",
          "Microsoft.Extensions.Options": "8.0.0",
          "Polly.Core": "8.6.5"
        }
      },
      "Microsoft.Extensions.Configuration": {
        "type": "Transitive",
        "resolved": "10.0.1",
        "contentHash": "njoRekyMIK+smav8B6KL2YgIfUtlsRNuT7wvurpLW+m/hoRKVnoELk2YxnUnWRGScCd1rukLMxShwLqEOKowDg==",
        "dependencies": {
          "Microsoft.Extensions.Configuration.Abstractions": "10.0.1",
          "Microsoft.Extensions.Primitives": "10.0.1"
        }
      },
      "Microsoft.Extensions.Configuration.Binder": {
        "type": "Transitive",
        "resolved": "10.0.1",
        "contentHash": "Lp4CZIuTVXtlvkAnTq6QvMSW7+H62gX2cU2vdFxHQUxvrWTpi7LwYI3X+YAyIS0r12/p7gaosco7efIxL4yFNw==",
        "dependencies": {
          "Microsoft.Extensions.Configuration": "10.0.1",
          "Microsoft.Extensions.Configuration.Abstractions": "10.0.1"
        }
      },
      "Microsoft.Extensions.DependencyInjection": {
        "type": "Transitive",
        "resolved": "10.0.1",
        "contentHash": "zerXV0GAR9LCSXoSIApbWn+Dq1/T+6vbXMHGduq1LoVQRHT0BXsGQEau0jeLUBUcsoF/NaUT8ADPu8b+eNcIyg==",
        "dependencies": {
          "Microsoft.Extensions.DependencyInjection.Abstractions": "10.0.1"
        }
      },
      "Microsoft.Extensions.Diagnostics": {
        "type": "Transitive",
        "resolved": "10.0.1",
        "contentHash": "YaocqxscJLxLit0F5yq2XyB+9C7rSRfeTL7MJIl7XwaOoUO3i0EqfO2kmtjiRduYWw7yjcSINEApYZbzjau2gQ==",
        "dependencies": {
          "Microsoft.Extensions.Configuration": "10.0.1",
          "Microsoft.Extensions.Diagnostics.Abstractions": "10.0.1",
          "Microsoft.Extensions.Options.ConfigurationExtensions": "10.0.1"
        }
      },
      "Microsoft.Extensions.Diagnostics.Abstractions": {
        "type": "Transitive",
        "resolved": "10.0.1",
        "contentHash": "QMoMrkNpnQym5mpfdxfxpRDuqLpsOuztguFvzH9p+Ex+do+uLFoi7UkAsBO4e9/tNR3eMFraFf2fOAi2cp3jjA==",
        "dependencies": {
          "Microsoft.Extensions.DependencyInjection.Abstractions": "10.0.1",
          "Microsoft.Extensions.Options": "10.0.1"
        }
      },
      "Microsoft.Extensions.Logging": {
        "type": "Transitive",
        "resolved": "10.0.1",
        "contentHash": "9ItMpMLFZFJFqCuHLLbR3LiA4ahA8dMtYuXpXl2YamSDWZhYS9BruPprkftY0tYi2bQ0slNrixdFm+4kpz1g5w==",
        "dependencies": {
          "Microsoft.Extensions.DependencyInjection": "10.0.1",
          "Microsoft.Extensions.Logging.Abstractions": "10.0.1",
          "Microsoft.Extensions.Options": "10.0.1"
        }
      },
      "Microsoft.Extensions.Options": {
        "type": "Transitive",
        "resolved": "10.0.1",
        "contentHash": "G6VVwywpJI4XIobetGHwg7wDOYC2L2XBYdtskxLaKF/Ynb5QBwLl7Q//wxAR2aVCLkMpoQrjSP9VoORkyddsNQ==",
        "dependencies": {
          "Microsoft.Extensions.DependencyInjection.Abstractions": "10.0.1",
          "Microsoft.Extensions.Primitives": "10.0.1"
        }
      },
      "Microsoft.Extensions.Primitives": {
        "type": "Transitive",
        "resolved": "10.0.1",
        "contentHash": "DO8XrJkp5x4PddDuc/CH37yDBCs9BYN6ijlKyR3vMb55BP1Vwh90vOX8bNfnKxr5B2qEI3D8bvbY1fFbDveDHQ=="
      },
      "aviationexam.dependencyupdater.common": {
        "type": "Project",
        "dependencies": {
          "Aviationexam.DependencyUpdater.Constants": "[1.0.0, )",
          "Aviationexam.DependencyUpdater.Interfaces": "[1.0.0, )",
          "Microsoft.Extensions.Configuration.Abstractions": "[10.0.1, )",
          "Microsoft.Extensions.DependencyInjection.Abstractions": "[10.0.1, )",
          "Microsoft.Extensions.Logging.Abstractions": "[10.0.1, )",
          "Microsoft.Extensions.Options.ConfigurationExtensions": "[10.0.1, )",
          "ZLinq": "[1.5.4, )"
        }
      },
      "aviationexam.dependencyupdater.constants": {
        "type": "Project"
      },
      "aviationexam.dependencyupdater.interfaces": {
        "type": "Project"
      },
      "ZLinq": {
        "type": "CentralTransitive",
        "requested": "[1.5.4, )",
        "resolved": "1.5.4",
        "contentHash": "Ogt0vjeHVPKJFOqcoEeHpBft4b1HD6CnOpeQSHWK2WPq0kMtietggm/2viwW44hdalf4F2mYeyWomDXMw9rv1g=="
      }
    },
    "net10.0/linux-x64": {
      "Microsoft.DotNet.ILCompiler": {
        "type": "Direct",
        "requested": "[10.0.1, )",
        "resolved": "10.0.1",
        "contentHash": "339VHcUMA2iDrkLGaqjSwn25S9lmus/+Iqg5Hz2LDPhsX5a5GbdQZ2f/f6HMz/uGGWtUGpsusqUvW5L3fx36VA==",
        "dependencies": {
          "runtime.linux-x64.Microsoft.DotNet.ILCompiler": "10.0.1"
        }
      },
      "runtime.linux-x64.Microsoft.DotNet.ILCompiler": {
        "type": "Transitive",
        "resolved": "10.0.1",
        "contentHash": "xRR0gr4zvJQSIf8lXFXBjatDFI71GFofhMmySSAF22wtXdA1QYeiJGZAu9El7iuMehMFwFfMGm7ENZdGM7U/0A=="
      }
    },
    "net10.0/win-x64": {
      "Microsoft.DotNet.ILCompiler": {
        "type": "Direct",
        "requested": "[10.0.1, )",
        "resolved": "10.0.1",
        "contentHash": "339VHcUMA2iDrkLGaqjSwn25S9lmus/+Iqg5Hz2LDPhsX5a5GbdQZ2f/f6HMz/uGGWtUGpsusqUvW5L3fx36VA==",
        "dependencies": {
          "runtime.win-x64.Microsoft.DotNet.ILCompiler": "10.0.1"
        }
      },
      "runtime.win-x64.Microsoft.DotNet.ILCompiler": {
        "type": "Transitive",
        "resolved": "10.0.1",
        "contentHash": "AxmneLGqYEcPfRb5Zlpi8d5JWMUECxu/oT6qToVrihgdc20bb5N7XDgClx2I1glxWHU6W812ScBAfVv85bUE7g=="
      }
    }
  }
}