{
  "version": 2,
  "dependencies": {
    "net10.0": {
      "Corvus.Json.ExtendedTypes": {
        "type": "Direct",
        "requested": "[4.4.2, )",
        "resolved": "4.4.2",
        "contentHash": "Xq/HavCR6oSqRlflqelUMBDG6be6WUZqfAW/cXLWnoaEyqdUL2NDO1JP5SKTmq6L4ME2tjkyCcwKRJucdn7C2A==",
        "dependencies": {
          "Corvus.Json.JsonReference": "4.4.2",
          "Corvus.UriTemplates": "2.3.2",
          "NodaTime": "3.2.1"
        }
      },
      "Corvus.Json.SourceGenerator": {
        "type": "Direct",
        "requested": "[4.4.2, )",
        "resolved": "4.4.2",
        "contentHash": "BSoYhHu9rapbxMh1pyuWDGQ+o9cl4HhxJQ0A51fKcCfr0clJp0X4M7y3dPm02lw86WZnItrGgphTVjBGkuovEw=="
      },
      "Meziantou.Analyzer": {
        "type": "Direct",
        "requested": "[2.0.258, )",
        "resolved": "2.0.258",
        "contentHash": "gMlUSrNrHhFjr0evlV1CCdDyAfvEqyNKWLp8nMF7erRXpc5olpZdsaSnMYHdzOZxb03e+bphnxk4r1zvrS/eYA=="
      },
      "Microsoft.Extensions.Logging.Abstractions": {
        "type": "Direct",
        "requested": "[10.0.1, )",
        "resolved": "10.0.1",
        "contentHash": "YkmyiPIWAXVb+lPIrM0LE5bbtLOJkCiRTFiHpkVOvhI7uTvCfoOHLEN0LcsY56GpSD7NqX3gJNpsaDe87/B3zg==",
        "dependencies": {
          "Microsoft.Extensions.DependencyInjection.Abstractions": "10.0.1"
        }
      },
      "Microsoft.NET.ILLink.Tasks": {
        "type": "Direct",
        "requested": "[10.0.1, )",
        "resolved": "10.0.1",
        "contentHash": "ISahzLHsHY7vrwqr2p1YWZ+gsxoBRtH7gWRDK8fDUst9pp2He0GiesaqEfeX0V8QMCJM3eNEHGGpnIcPjFo2NQ=="
      },
      "Yaml2JsonNode": {
        "type": "Direct",
        "requested": "[2.4.0, )",
        "resolved": "2.4.0",
        "contentHash": "Cpnsf6C0VCH3dzV5vDPORX6kg3r7ySnSirWdcZgNQ5K6cGq0KTSag3aywNAEKeWcvFDhzjUDgRK0R2pfcgO0TA==",
        "dependencies": {
          "YamlDotNet": "16.3.0"
        }
      },
      "YamlDotNet": {
        "type": "Direct",
        "requested": "[16.3.0, )",
        "resolved": "16.3.0",
        "contentHash": "SgMOdxbz8X65z8hraIs6hOEdnkH6hESTAIUa7viEngHOYaH+6q5XJmwr1+yb9vJpNQ19hCQY69xbFsLtXpobQA=="
      },
      "CommunityToolkit.HighPerformance": {
        "type": "Transitive",
        "resolved": "8.3.0",
        "contentHash": "2zc0Wfr9OtEbLqm6J1Jycim/nKmYv+v12CytJ3tZGNzw7n3yjh1vNCMX0kIBaFBk3sw8g0pMR86QJGXGlArC+A=="
      },
      "Corvus.HighPerformance": {
        "type": "Transitive",
        "resolved": "1.0.2",
        "contentHash": "af2GSUUXftfyYSB2goYDFTxoemmp9KUo9aKuO8Efvragy8fs2HHwuUcEEQpM6ygtZI5pOQFVNe6V4+4JsxRVEw=="
      },
      "Corvus.Json.JsonReference": {
        "type": "Transitive",
        "resolved": "4.4.2",
        "contentHash": "qI9y9S2hTrByxFJY/bnzXn5JBGN04wQeU7FqGAAp1MSSv3/rOM5PUAmxXsyvWvKML8fSC7mHVycOTc+HsjovBg==",
        "dependencies": {
          "Corvus.HighPerformance": "1.0.2"
        }
      },
      "aviationexam.dependencyupdater.interfaces": {
        "type": "Project"
      },
      "Corvus.UriTemplates": {
        "type": "CentralTransitive",
        "requested": "[2.3.2, )",
        "resolved": "2.3.2",
        "contentHash": "XAhHr0F6IOhunpIHFzG0HQSj+/X8L1lSJAExYQl9OEIZGAUZ81pbqWtxuIHL080y1u2dEmw796D7XmM44Je2gw==",
        "dependencies": {
          "CommunityToolkit.HighPerformance": "8.3.0",
          "Corvus.HighPerformance": "1.0.0",
          "Microsoft.Extensions.ObjectPool": "8.0.8"
        }
      },
      "Microsoft.Extensions.DependencyInjection.Abstractions": {
        "type": "CentralTransitive",
        "requested": "[10.0.1, )",
        "resolved": "10.0.1",
        "contentHash": "oIy8fQxxbUsSrrOvgBqlVgOeCtDmrcynnTG+FQufcUWBrwyPfwlUkCDB2vaiBeYPyT+20u9/HeuHeBf+H4F/8g=="
      },
      "Microsoft.Extensions.ObjectPool": {
        "type": "CentralTransitive",
        "requested": "[10.0.1, )",
        "resolved": "10.0.1",
        "contentHash": "HqAEbtoAhgvH53c54IV5e4vQ60PYvl7Z/WIHsbet+UGGE7n+7dwVNXw1mb9LZlWbsxnupCevvtgIne5P//ZKpQ=="
      },
      "NodaTime": {
        "type": "CentralTransitive",
        "requested": "[3.2.3, )",
        "resolved": "3.2.3",
        "contentHash": "FNRoHeMMeF2BcFY95EnbB4BuPnG38Eb01+8j1l4atN0qdkxoGQtZMRqImd2YyUvjAoR82wp1H3cWFea4mpP1Hg=="
      }
    },
    "net10.0/linux-x64": {},
    "net10.0/win-x64": {}
  }
}